// !$*UTF8*$!
{
	archiveVersion = 1;
	classes = {
	};
	objectVersion = 46;
	objects = {

/* Begin PBXBuildFile section */
		C04F49EB1DD3C1BB00592A6B /* main.c in Sources */ = {isa = PBXBuildFile; fileRef = C04F49EA1DD3C1BB00592A6B /* main.c */; };
/* End PBXBuildFile section */

/* Begin PBXCopyFilesBuildPhase section */
		C04F49E51DD3C1BA00592A6B /* CopyFiles */ = {
			isa = PBXCopyFilesBuildPhase;
			buildActionMask = 2147483647;
			dstPath = /usr/share/man/man1/;
			dstSubfolderSpec = 0;
			files = (
			);
			runOnlyForDeploymentPostprocessing = 1;
		};
/* End PBXCopyFilesBuildPhase section */

/* Begin PBXFileReference section */
		C03C350F1DD81F1000F3C12D /* amb.txt */ = {isa = PBXFileReference; fileEncoding = 4; lastKnownFileType = text; name = amb.txt; path = compSysProject3/amb.txt; sourceTree = "<group>"; };
		C03C35101DD81F1000F3C12D /* param.txt */ = {isa = PBXFileReference; fileEncoding = 4; lastKnownFileType = text; name = param.txt; path = compSysProject3/param.txt; sourceTree = "<group>"; };
		C03C35111DD81F1000F3C12D /* pow.txt */ = {isa = PBXFileReference; fileEncoding = 4; lastKnownFileType = text; name = pow.txt; path = compSysProject3/pow.txt; sourceTree = "<group>"; };
		C04F49E71DD3C1BB00592A6B /* compSysProject3 */ = {isa = PBXFileReference; explicitFileType = "compiled.mach-o.executable"; includeInIndex = 0; path = compSysProject3; sourceTree = BUILT_PRODUCTS_DIR; };
		C04F49EA1DD3C1BB00592A6B /* main.c */ = {isa = PBXFileReference; lastKnownFileType = sourcecode.c.c; path = main.c; sourceTree = "<group>"; };
/* End PBXFileReference section */

/* Begin PBXFrameworksBuildPhase section */
		C04F49E41DD3C1BA00592A6B /* Frameworks */ = {
			isa = PBXFrameworksBuildPhase;
			buildActionMask = 2147483647;
			files = (
			);
			runOnlyForDeploymentPostprocessing = 0;
		};
/* End PBXFrameworksBuildPhase section */

/* Begin PBXGroup section */
		C04F49DE1DD3C1BA00592A6B = {
			isa = PBXGroup;
			children = (
				C03C350F1DD81F1000F3C12D /* amb.txt */,
				C03C35101DD81F1000F3C12D /* param.txt */,
				C03C35111DD81F1000F3C12D /* pow.txt */,
				C04F49E91DD3C1BB00592A6B /* compSysProject3 */,
				C04F49E81DD3C1BB00592A6B /* Products */,
			);
			sourceTree = "<group>";
		};
		C04F49E81DD3C1BB00592A6B /* Products */ = {
			isa = PBXGroup;
			children = (
				C04F49E71DD3C1BB00592A6B /* compSysProject3 */,
			);
			name = Products;
			sourceTree = "<group>";
		};
		C04F49E91DD3C1BB00592A6B /* compSysProject3 */ = {
			isa = PBXGroup;
			children = (
				C04F49EA1DD3C1BB00592A6B /* main.c */,
			);
			path = compSysProject3;
			sourceTree = "<group>";
		};
/* End PBXGroup section */

/* Begin PBXNativeTarget section */
		C04F49E61DD3C1BA00592A6B /* compSysProject3 */ = {
			isa = PBXNativeTarget;
			buildConfigurationList = C04F49EE1DD3C1BB00592A6B /* Build configuration list for PBXNativeTarget "compSysProject3" */;
			buildPhases = (
				C04F49E31DD3C1BA00592A6B /* Sources */,
				C04F49E41DD3C1BA00592A6B /* Frameworks */,
				C04F49E51DD3C1BA00592A6B /* CopyFiles */,
			);
			buildRules = (
			);
			dependencies = (
			);
			name = compSysProject3;
			productName = compSysProject3;
			productReference = C04F49E71DD3C1BB00592A6B /* compSysProject3 */;
			productType = "com.apple.product-type.tool";
		};
/* End PBXNativeTarget section */

/* Begin PBXProject section */
		C04F49DF1DD3C1BA00592A6B /* Project object */ = {
			isa = PBXProject;
			attributes = {
				LastUpgradeCheck = 0800;
				ORGANIZATIONNAME = "Michael Zeimbekakis";
				TargetAttributes = {
					C04F49E61DD3C1BA00592A6B = {
						CreatedOnToolsVersion = 8.0;
						ProvisioningStyle = Automatic;
					};
				};
			};
			buildConfigurationList = C04F49E21DD3C1BA00592A6B /* Build configuration list for PBXProject "compSysProject3" */;
			compatibilityVersion = "Xcode 3.2";
			developmentRegion = English;
			hasScannedForEncodings = 0;
			knownRegions = (
				en,
			);
			mainGroup = C04F49DE1DD3C1BA00592A6B;
			productRefGroup = C04F49E81DD3C1BB00592A6B /* Products */;
			projectDirPath = "";
			projectRoot = "";
			targets = (
				C04F49E61DD3C1BA00592A6B /* compSysProject3 */,
			);
		};
/* End PBXProject section */

/* Begin PBXSourcesBuildPhase section */
		C04F49E31DD3C1BA00592A6B /* Sources */ = {
			isa = PBXSourcesBuildPhase;
			buildActionMask = 2147483647;
			files = (
				C04F49EB1DD3C1BB00592A6B /* main.c in Sources */,
			);
			runOnlyForDeploymentPostprocessing = 0;
		};
/* End PBXSourcesBuildPhase section */

/* Begin XCBuildConfiguration section */
		C04F49EC1DD3C1BB00592A6B /* Debug */ = {
			isa = XCBuildConfiguration;
			buildSettings = {
				ALWAYS_SEARCH_USER_PATHS = NO;
				CLANG_ANALYZER_NONNULL = YES;
				CLANG_CXX_LANGUAGE_STANDARD = "gnu++0x";
				CLANG_CXX_LIBRARY = "libc++";
				CLANG_ENABLE_MODULES = YES;
				CLANG_ENABLE_OBJC_ARC = YES;
				CLANG_WARN_BOOL_CONVERSION = YES;
				CLANG_WARN_CONSTANT_CONVERSION = YES;
				CLANG_WARN_DIRECT_OBJC_ISA_USAGE = YES_ERROR;
				CLANG_WARN_DOCUMENTATION_COMMENTS = YES;
				CLANG_WARN_EMPTY_BODY = YES;
				CLANG_WARN_ENUM_CONVERSION = YES;
				CLANG_WARN_INFINITE_RECURSION = YES;
				CLANG_WARN_INT_CONVERSION = YES;
				CLANG_WARN_OBJC_ROOT_CLASS = YES_ERROR;
				CLANG_WARN_SUSPICIOUS_MOVES = YES;
				CLANG_WARN_UNREACHABLE_CODE = YES;
				CLANG_WARN__DUPLICATE_METHOD_MATCH = YES;
				CODE_SIGN_IDENTITY = "-";
				COPY_PHASE_STRIP = NO;
				DEBUG_INFORMATION_FORMAT = dwarf;
				ENABLE_STRICT_OBJC_MSGSEND = YES;
				ENABLE_TESTABILITY = YES;
				GCC_C_LANGUAGE_STANDARD = gnu99;
				GCC_DYNAMIC_NO_PIC = NO;
				GCC_NO_COMMON_BLOCKS = YES;
				GCC_OPTIMIZATION_LEVEL = 0;
				GCC_PREPROCESSOR_DEFINITIONS = (
					"DEBUG=1",
					"$(inherited)",
				);
				GCC_WARN_64_TO_32_BIT_CONVERSION = YES;
				GCC_WARN_ABOUT_RETURN_TYPE = YES_ERROR;
				GCC_WARN_UNDECLARED_SELECTOR = YES;
				GCC_WARN_UNINITIALIZED_AUTOS = YES_AGGRESSIVE;
				GCC_WARN_UNUSED_FUNCTION = YES;
				GCC_WARN_UNUSED_VARIABLE = YES;
				MACOSX_DEPLOYMENT_TARGET = 10.12;
				MTL_ENABLE_DEBUG_INFO = YES;
				ONLY_ACTIVE_ARCH = YES;
				SDKROOT = macosx;
			};
			name = Debug;
		};
		C04F49ED1DD3C1BB00592A6B /* Release */ = {
			isa = XCBuildConfiguration;
			buildSettings = {
				ALWAYS_SEARCH_USER_PATHS = NO;
				CLANG_ANALYZER_NONNULL = YES;
				CLANG_CXX_LANGUAGE_STANDARD = "gnu++0x";
				CLANG_CXX_LIBRARY = "libc++";
				CLANG_ENABLE_MODULES = YES;
				CLANG_ENABLE_OBJC_ARC = YES;
				CLANG_WARN_BOOL_CONVERSION = YES;
				CLANG_WARN_CONSTANT_CONVERSION = YES;
				CLANG_WARN_DIRECT_OBJC_ISA_USAGE = YES_ERROR;
				CLANG_WARN_DOCUMENTATION_COMMENTS = YES;
				CLANG_WARN_EMPTY_BODY = YES;
				CLANG_WARN_ENUM_CONVERSION = YES;
				CLANG_WARN_INFINITE_RECURSION = YES;
				CLANG_WARN_INT_CONVERSION = YES;
				CLANG_WARN_OBJC_ROOT_CLASS = YES_ERROR;
				CLANG_WARN_SUSPICIOUS_MOVES = YES;
				CLANG_WARN_UNREACHABLE_CODE = YES;
				CLANG_WARN__DUPLICATE_METHOD_MATCH = YES;
				CODE_SIGN_IDENTITY = "-";
				COPY_PHASE_STRIP = NO;
				DEBUG_INFORMATION_FORMAT = "dwarf-with-dsym";
				ENABLE_NS_ASSERTIONS = NO;
				ENABLE_STRICT_OBJC_MSGSEND = YES;
				GCC_C_LANGUAGE_STANDARD = gnu99;
				GCC_NO_COMMON_BLOCKS = YES;
				GCC_WARN_64_TO_32_BIT_CONVERSION = YES;
				GCC_WARN_ABOUT_RETURN_TYPE = YES_ERROR;
				GCC_WARN_UNDECLARED_SELECTOR = YES;
				GCC_WARN_UNINITIALIZED_AUTOS = YES_AGGRESSIVE;
				GCC_WARN_UNUSED_FUNCTION = YES;
				GCC_WARN_UNUSED_VARIABLE = YES;
				MACOSX_DEPLOYMENT_TARGET = 10.12;
				MTL_ENABLE_DEBUG_INFO = NO;
				SDKROOT = macosx;
			};
			name = Release;
		};
		C04F49EF1DD3C1BB00592A6B /* Debug */ = {
			isa = XCBuildConfiguration;
			buildSettings = {
				PRODUCT_NAME = "$(TARGET_NAME)";
			};
			name = Debug;
		};
		C04F49F01DD3C1BB00592A6B /* Release */ = {
			isa = XCBuildConfiguration;
			buildSettings = {
				PRODUCT_NAME = "$(TARGET_NAME)";
			};
			name = Release;
		};
/* End XCBuildConfiguration section */

/* Begin XCConfigurationList section */
		C04F49E21DD3C1BA00592A6B /* Build configuration list for PBXProject "compSysProject3" */ = {
			isa = XCConfigurationList;
			buildConfigurations = (
				C04F49EC1DD3C1BB00592A6B /* Debug */,
				C04F49ED1DD3C1BB00592A6B /* Release */,
			);
			defaultConfigurationIsVisible = 0;
			defaultConfigurationName = Release;
		};
		C04F49EE1DD3C1BB00592A6B /* Build configuration list for PBXNativeTarget "compSysProject3" */ = {
			isa = XCConfigurationList;
			buildConfigurations = (
				C04F49EF1DD3C1BB00592A6B /* Debug */,
				C04F49F01DD3C1BB00592A6B /* Release */,
			);
			defaultConfigurationIsVisible = 0;
			defaultConfigurationName = Release;
		};
/* End XCConfigurationList section */
	};
	rootObject = C04F49DF1DD3C1BA00592A6B /* Project object */;
}
